{
  "lockfileVersion": 1,
  "dependencies": {
    "@types/jquery": {
      "version": "3.2.5",
      "resolved": "https://registry.npmjs.org/@types/jquery/-/jquery-3.2.5.tgz",
      "integrity": "sha512-7a+LyzJltNLRdLOpWr9ThtXsZgpG9XN6u4Hqi2KZwQMW6SoYSyR/6uMrgZxJ+zfS1N48/R8XKF0HAixVVjQyaQ=="
    },
    "@types/requirejs": {
      "version": "2.1.29",
      "resolved": "https://registry.npmjs.org/@types/requirejs/-/requirejs-2.1.29.tgz",
      "integrity": "sha1-vEi8gzwHnCwkumr7ym06A7P04vM=",
      "dev": true
    }
  }
}
